// !$*UTF8*$!
{
	archiveVersion = 1;
	classes = {
	};
	objectVersion = 51;
	objects = {

/* Begin PBXBuildFile section */
		68BC4EF03CC362E3AC2DEE02 /* Pods_clientVK.framework in Frameworks */ = {isa = PBXBuildFile; fileRef = 8A50DB89875A60AB94643757 /* Pods_clientVK.framework */; };
		A908286A263040C5008D0673 /* FirstLetterSectionHeaderView.swift in Sources */ = {isa = PBXBuildFile; fileRef = A9082869263040C5008D0673 /* FirstLetterSectionHeaderView.swift */; };
		A908286E2631745D008D0673 /* NewsScreenViewController.swift in Sources */ = {isa = PBXBuildFile; fileRef = A908286D2631745D008D0673 /* NewsScreenViewController.swift */; };
		A9082876263186F5008D0673 /* MyButtonNewsScreen.swift in Sources */ = {isa = PBXBuildFile; fileRef = A9082875263186F5008D0673 /* MyButtonNewsScreen.swift */; };
		A908287926318FF0008D0673 /* NewsTableViewCell.swift in Sources */ = {isa = PBXBuildFile; fileRef = A908287826318FF0008D0673 /* NewsTableViewCell.swift */; };
		A908287C2631F33B008D0673 /* News.swift in Sources */ = {isa = PBXBuildFile; fileRef = A908287B2631F33B008D0673 /* News.swift */; };
		A90828802632D8D4008D0673 /* MosaicLayout.swift in Sources */ = {isa = PBXBuildFile; fileRef = A908287F2632D8D4008D0673 /* MosaicLayout.swift */; };
		A908288326344369008D0673 /* PhotoCollectionViewCell.swift in Sources */ = {isa = PBXBuildFile; fileRef = A908288226344369008D0673 /* PhotoCollectionViewCell.swift */; };
		A908288B2636E46B008D0673 /* IndicatorView.swift in Sources */ = {isa = PBXBuildFile; fileRef = A908288A2636E46B008D0673 /* IndicatorView.swift */; };
		A908288E26396338008D0673 /* MySearchBarView.swift in Sources */ = {isa = PBXBuildFile; fileRef = A908288D26396337008D0673 /* MySearchBarView.swift */; };
		A908289226396930008D0673 /* MySearchBarView.xib in Resources */ = {isa = PBXBuildFile; fileRef = A90828912639692F008D0673 /* MySearchBarView.xib */; };
		A91047D92627188700B216DB /* GroupTableViewCell.swift in Sources */ = {isa = PBXBuildFile; fileRef = A91047D72627188700B216DB /* GroupTableViewCell.swift */; };
		A91047DA2627188700B216DB /* GroupTableViewCell.xib in Resources */ = {isa = PBXBuildFile; fileRef = A91047D82627188700B216DB /* GroupTableViewCell.xib */; };
		A91047DD26285EB600B216DB /* MyGroupTableViewController.swift in Sources */ = {isa = PBXBuildFile; fileRef = A91047DC26285EB600B216DB /* MyGroupTableViewController.swift */; };
		A95B34EC263C2764008607EE /* GalleryViewController.swift in Sources */ = {isa = PBXBuildFile; fileRef = A95B34EB263C2764008607EE /* GalleryViewController.swift */; };
		A95B34F9264BFC91008607EE /* CustomNavigationController.swift in Sources */ = {isa = PBXBuildFile; fileRef = A95B34F8264BFC91008607EE /* CustomNavigationController.swift */; };
		A95B34FC264BFE1F008607EE /* RotatePushAnimatedTransition.swift in Sources */ = {isa = PBXBuildFile; fileRef = A95B34FB264BFE1F008607EE /* RotatePushAnimatedTransition.swift */; };
		A95B34FF264C0919008607EE /* RotatePopAnimatedTransition.swift in Sources */ = {isa = PBXBuildFile; fileRef = A95B34FE264C0919008607EE /* RotatePopAnimatedTransition.swift */; };
		A95B3504264D563D008607EE /* RotateInteractiveTransition.swift in Sources */ = {isa = PBXBuildFile; fileRef = A95B3503264D563D008607EE /* RotateInteractiveTransition.swift */; };
		A95B350A264E938A008607EE /* GalleryPresentationTransition.swift in Sources */ = {isa = PBXBuildFile; fileRef = A95B3509264E938A008607EE /* GalleryPresentationTransition.swift */; };
		A95B350D264E984E008607EE /* GalleryTransitionDelegate.swift in Sources */ = {isa = PBXBuildFile; fileRef = A95B350C264E984E008607EE /* GalleryTransitionDelegate.swift */; };
		A965850B2670BDC800C648B1 /* HasIdProtocol.swift in Sources */ = {isa = PBXBuildFile; fileRef = A965850A2670BDC700C648B1 /* HasIdProtocol.swift */; };
		A965850E2673843400C648B1 /* DataStorage.swift in Sources */ = {isa = PBXBuildFile; fileRef = A965850D2673843400C648B1 /* DataStorage.swift */; };
		A96585102673850A00C648B1 /* VKService.swift in Sources */ = {isa = PBXBuildFile; fileRef = A965850F2673850A00C648B1 /* VKService.swift */; };
		A9658512267388B200C648B1 /* DataStorageOld.swift in Sources */ = {isa = PBXBuildFile; fileRef = A9658511267388B200C648B1 /* DataStorageOld.swift */; };
		A9658514267FCC3C00C648B1 /* GoogleService-Info.plist in Resources */ = {isa = PBXBuildFile; fileRef = A9658513267FCC3C00C648B1 /* GoogleService-Info.plist */; };
		A96585172680BD4500C648B1 /* FavouriteGroupsTableViewController.swift in Sources */ = {isa = PBXBuildFile; fileRef = A96585162680BD4500C648B1 /* FavouriteGroupsTableViewController.swift */; };
		A967E3B326661A4F007A97F2 /* Photo.swift in Sources */ = {isa = PBXBuildFile; fileRef = A967E3B226661A4E007A97F2 /* Photo.swift */; };
		A967E3B626661B72007A97F2 /* PhotoSize.swift in Sources */ = {isa = PBXBuildFile; fileRef = A967E3B526661B72007A97F2 /* PhotoSize.swift */; };
		A97C2179262D882C0011D868 /* LikeCountView.swift in Sources */ = {isa = PBXBuildFile; fileRef = A97C2178262D882C0011D868 /* LikeCountView.swift */; };
		A97C217E262D89140011D868 /* HeartButton.swift in Sources */ = {isa = PBXBuildFile; fileRef = A97C217D262D89140011D868 /* HeartButton.swift */; };
		A99030C42695DE3E0045199B /* NewsHeaderTableViewCell.swift in Sources */ = {isa = PBXBuildFile; fileRef = A99030C32695DE3E0045199B /* NewsHeaderTableViewCell.swift */; };
		A99030C62695E1400045199B /* NewsTextTableViewCell.swift in Sources */ = {isa = PBXBuildFile; fileRef = A99030C52695E1400045199B /* NewsTextTableViewCell.swift */; };
		A99030C82695E5620045199B /* NewsPhotoTableViewCell.swift in Sources */ = {isa = PBXBuildFile; fileRef = A99030C72695E5620045199B /* NewsPhotoTableViewCell.swift */; };
		A99030CA2695E74D0045199B /* NewsInfoTableViewCell.swift in Sources */ = {isa = PBXBuildFile; fileRef = A99030C92695E74D0045199B /* NewsInfoTableViewCell.swift */; };
		A999175B264EAB9400B368A8 /* GalleryDissmisTransition.swift in Sources */ = {isa = PBXBuildFile; fileRef = A999175A264EAB9400B368A8 /* GalleryDissmisTransition.swift */; };
		A999175F265BCBB300B368A8 /* Session.swift in Sources */ = {isa = PBXBuildFile; fileRef = A999175E265BCBB200B368A8 /* Session.swift */; };
		A999176B26611E3600B368A8 /* AuthorizationViewController.swift in Sources */ = {isa = PBXBuildFile; fileRef = A999176A26611E3600B368A8 /* AuthorizationViewController.swift */; };
		A999176F26612A4E00B368A8 /* VKAPI.swift in Sources */ = {isa = PBXBuildFile; fileRef = A999176E26612A4E00B368A8 /* VKAPI.swift */; };
		A9A37AFE262DB4160080E6AE /* AvatarRoundedView.swift in Sources */ = {isa = PBXBuildFile; fileRef = A9A37AFD262DB4160080E6AE /* AvatarRoundedView.swift */; };
		A9DAF5C3261B0B4600C7BCB5 /* AppDelegate.swift in Sources */ = {isa = PBXBuildFile; fileRef = A9DAF5C2261B0B4600C7BCB5 /* AppDelegate.swift */; };
		A9DAF5C5261B0B4600C7BCB5 /* SceneDelegate.swift in Sources */ = {isa = PBXBuildFile; fileRef = A9DAF5C4261B0B4600C7BCB5 /* SceneDelegate.swift */; };
		A9DAF5C7261B0B4600C7BCB5 /* EntranceViewController.swift in Sources */ = {isa = PBXBuildFile; fileRef = A9DAF5C6261B0B4600C7BCB5 /* EntranceViewController.swift */; };
		A9DAF5CA261B0B4600C7BCB5 /* Main.storyboard in Resources */ = {isa = PBXBuildFile; fileRef = A9DAF5C8261B0B4600C7BCB5 /* Main.storyboard */; };
		A9DAF5CC261B0B4800C7BCB5 /* Assets.xcassets in Resources */ = {isa = PBXBuildFile; fileRef = A9DAF5CB261B0B4800C7BCB5 /* Assets.xcassets */; };
		A9DAF5CF261B0B4800C7BCB5 /* LaunchScreen.storyboard in Resources */ = {isa = PBXBuildFile; fileRef = A9DAF5CD261B0B4800C7BCB5 /* LaunchScreen.storyboard */; };
		A9DAF5E626258AB600C7BCB5 /* TabBarController.swift in Sources */ = {isa = PBXBuildFile; fileRef = A9DAF5E526258AB600C7BCB5 /* TabBarController.swift */; };
		A9DAF5EA2625920700C7BCB5 /* User.swift in Sources */ = {isa = PBXBuildFile; fileRef = A9DAF5E92625920700C7BCB5 /* User.swift */; };
		A9DAF5EE2625989500C7BCB5 /* Group.swift in Sources */ = {isa = PBXBuildFile; fileRef = A9DAF5ED2625989500C7BCB5 /* Group.swift */; };
		A9DAF5F42625B6B100C7BCB5 /* UserTableViewCell.swift in Sources */ = {isa = PBXBuildFile; fileRef = A9DAF5F32625B6B100C7BCB5 /* UserTableViewCell.swift */; };
		A9DAF5F82625B87700C7BCB5 /* FriendsTableViewController.swift in Sources */ = {isa = PBXBuildFile; fileRef = A9DAF5F72625B87700C7BCB5 /* FriendsTableViewController.swift */; };
		A9DAF5FB2625BEEB00C7BCB5 /* UserPhotoCollectionViewController.swift in Sources */ = {isa = PBXBuildFile; fileRef = A9DAF5FA2625BEEB00C7BCB5 /* UserPhotoCollectionViewController.swift */; };
		A9DAF5FE2625C88300C7BCB5 /* UserPhotosCollectionViewCell.swift in Sources */ = {isa = PBXBuildFile; fileRef = A9DAF5FD2625C88300C7BCB5 /* UserPhotosCollectionViewCell.swift */; };
/* End PBXBuildFile section */

/* Begin PBXFileReference section */
		019FDC7A43C910793BE669ED /* Pods-clientVK.release.xcconfig */ = {isa = PBXFileReference; includeInIndex = 1; lastKnownFileType = text.xcconfig; name = "Pods-clientVK.release.xcconfig"; path = "Target Support Files/Pods-clientVK/Pods-clientVK.release.xcconfig"; sourceTree = "<group>"; };
		5B45BCC990BE2E6ACCD501BC /* Pods-clientVK.debug.xcconfig */ = {isa = PBXFileReference; includeInIndex = 1; lastKnownFileType = text.xcconfig; name = "Pods-clientVK.debug.xcconfig"; path = "Target Support Files/Pods-clientVK/Pods-clientVK.debug.xcconfig"; sourceTree = "<group>"; };
		8A50DB89875A60AB94643757 /* Pods_clientVK.framework */ = {isa = PBXFileReference; explicitFileType = wrapper.framework; includeInIndex = 0; path = Pods_clientVK.framework; sourceTree = BUILT_PRODUCTS_DIR; };
		A9082869263040C5008D0673 /* FirstLetterSectionHeaderView.swift */ = {isa = PBXFileReference; lastKnownFileType = sourcecode.swift; path = FirstLetterSectionHeaderView.swift; sourceTree = "<group>"; };
		A908286D2631745D008D0673 /* NewsScreenViewController.swift */ = {isa = PBXFileReference; lastKnownFileType = sourcecode.swift; path = NewsScreenViewController.swift; sourceTree = "<group>"; };
		A9082875263186F5008D0673 /* MyButtonNewsScreen.swift */ = {isa = PBXFileReference; lastKnownFileType = sourcecode.swift; path = MyButtonNewsScreen.swift; sourceTree = "<group>"; };
		A908287826318FF0008D0673 /* NewsTableViewCell.swift */ = {isa = PBXFileReference; lastKnownFileType = sourcecode.swift; path = NewsTableViewCell.swift; sourceTree = "<group>"; };
		A908287B2631F33B008D0673 /* News.swift */ = {isa = PBXFileReference; lastKnownFileType = sourcecode.swift; path = News.swift; sourceTree = "<group>"; };
		A908287F2632D8D4008D0673 /* MosaicLayout.swift */ = {isa = PBXFileReference; lastKnownFileType = sourcecode.swift; path = MosaicLayout.swift; sourceTree = "<group>"; };
		A908288226344369008D0673 /* PhotoCollectionViewCell.swift */ = {isa = PBXFileReference; lastKnownFileType = sourcecode.swift; path = PhotoCollectionViewCell.swift; sourceTree = "<group>"; };
		A908288A2636E46B008D0673 /* IndicatorView.swift */ = {isa = PBXFileReference; lastKnownFileType = sourcecode.swift; path = IndicatorView.swift; sourceTree = "<group>"; };
		A908288D26396337008D0673 /* MySearchBarView.swift */ = {isa = PBXFileReference; lastKnownFileType = sourcecode.swift; path = MySearchBarView.swift; sourceTree = "<group>"; };
		A90828912639692F008D0673 /* MySearchBarView.xib */ = {isa = PBXFileReference; lastKnownFileType = file.xib; path = MySearchBarView.xib; sourceTree = "<group>"; };
		A91047D72627188700B216DB /* GroupTableViewCell.swift */ = {isa = PBXFileReference; lastKnownFileType = sourcecode.swift; path = GroupTableViewCell.swift; sourceTree = "<group>"; };
		A91047D82627188700B216DB /* GroupTableViewCell.xib */ = {isa = PBXFileReference; lastKnownFileType = file.xib; path = GroupTableViewCell.xib; sourceTree = "<group>"; };
		A91047DC26285EB600B216DB /* MyGroupTableViewController.swift */ = {isa = PBXFileReference; lastKnownFileType = sourcecode.swift; path = MyGroupTableViewController.swift; sourceTree = "<group>"; };
		A95B34EB263C2764008607EE /* GalleryViewController.swift */ = {isa = PBXFileReference; lastKnownFileType = sourcecode.swift; path = GalleryViewController.swift; sourceTree = "<group>"; };
		A95B34F8264BFC91008607EE /* CustomNavigationController.swift */ = {isa = PBXFileReference; lastKnownFileType = sourcecode.swift; path = CustomNavigationController.swift; sourceTree = "<group>"; };
		A95B34FB264BFE1F008607EE /* RotatePushAnimatedTransition.swift */ = {isa = PBXFileReference; lastKnownFileType = sourcecode.swift; path = RotatePushAnimatedTransition.swift; sourceTree = "<group>"; };
		A95B34FE264C0919008607EE /* RotatePopAnimatedTransition.swift */ = {isa = PBXFileReference; lastKnownFileType = sourcecode.swift; path = RotatePopAnimatedTransition.swift; sourceTree = "<group>"; };
		A95B3503264D563D008607EE /* RotateInteractiveTransition.swift */ = {isa = PBXFileReference; lastKnownFileType = sourcecode.swift; path = RotateInteractiveTransition.swift; sourceTree = "<group>"; };
		A95B3509264E938A008607EE /* GalleryPresentationTransition.swift */ = {isa = PBXFileReference; lastKnownFileType = sourcecode.swift; path = GalleryPresentationTransition.swift; sourceTree = "<group>"; };
		A95B350C264E984E008607EE /* GalleryTransitionDelegate.swift */ = {isa = PBXFileReference; lastKnownFileType = sourcecode.swift; path = GalleryTransitionDelegate.swift; sourceTree = "<group>"; };
		A965850A2670BDC700C648B1 /* HasIdProtocol.swift */ = {isa = PBXFileReference; lastKnownFileType = sourcecode.swift; path = HasIdProtocol.swift; sourceTree = "<group>"; };
		A965850D2673843400C648B1 /* DataStorage.swift */ = {isa = PBXFileReference; lastKnownFileType = sourcecode.swift; path = DataStorage.swift; sourceTree = "<group>"; };
		A965850F2673850A00C648B1 /* VKService.swift */ = {isa = PBXFileReference; lastKnownFileType = sourcecode.swift; path = VKService.swift; sourceTree = "<group>"; };
		A9658511267388B200C648B1 /* DataStorageOld.swift */ = {isa = PBXFileReference; fileEncoding = 4; lastKnownFileType = sourcecode.swift; path = DataStorageOld.swift; sourceTree = "<group>"; };
		A9658513267FCC3C00C648B1 /* GoogleService-Info.plist */ = {isa = PBXFileReference; fileEncoding = 4; lastKnownFileType = text.plist.xml; path = "GoogleService-Info.plist"; sourceTree = "<group>"; };
		A96585162680BD4500C648B1 /* FavouriteGroupsTableViewController.swift */ = {isa = PBXFileReference; lastKnownFileType = sourcecode.swift; path = FavouriteGroupsTableViewController.swift; sourceTree = "<group>"; };
		A967E3B226661A4E007A97F2 /* Photo.swift */ = {isa = PBXFileReference; lastKnownFileType = sourcecode.swift; path = Photo.swift; sourceTree = "<group>"; };
		A967E3B526661B72007A97F2 /* PhotoSize.swift */ = {isa = PBXFileReference; lastKnownFileType = sourcecode.swift; path = PhotoSize.swift; sourceTree = "<group>"; };
		A97C2178262D882C0011D868 /* LikeCountView.swift */ = {isa = PBXFileReference; lastKnownFileType = sourcecode.swift; path = LikeCountView.swift; sourceTree = "<group>"; };
		A97C217D262D89140011D868 /* HeartButton.swift */ = {isa = PBXFileReference; lastKnownFileType = sourcecode.swift; path = HeartButton.swift; sourceTree = "<group>"; };
		A99030C32695DE3E0045199B /* NewsHeaderTableViewCell.swift */ = {isa = PBXFileReference; lastKnownFileType = sourcecode.swift; path = NewsHeaderTableViewCell.swift; sourceTree = "<group>"; };
		A99030C52695E1400045199B /* NewsTextTableViewCell.swift */ = {isa = PBXFileReference; lastKnownFileType = sourcecode.swift; path = NewsTextTableViewCell.swift; sourceTree = "<group>"; };
		A99030C72695E5620045199B /* NewsPhotoTableViewCell.swift */ = {isa = PBXFileReference; lastKnownFileType = sourcecode.swift; path = NewsPhotoTableViewCell.swift; sourceTree = "<group>"; };
		A99030C92695E74D0045199B /* NewsInfoTableViewCell.swift */ = {isa = PBXFileReference; lastKnownFileType = sourcecode.swift; path = NewsInfoTableViewCell.swift; sourceTree = "<group>"; };
		A999175A264EAB9400B368A8 /* GalleryDissmisTransition.swift */ = {isa = PBXFileReference; lastKnownFileType = sourcecode.swift; path = GalleryDissmisTransition.swift; sourceTree = "<group>"; };
		A999175E265BCBB200B368A8 /* Session.swift */ = {isa = PBXFileReference; lastKnownFileType = sourcecode.swift; path = Session.swift; sourceTree = "<group>"; };
		A999176A26611E3600B368A8 /* AuthorizationViewController.swift */ = {isa = PBXFileReference; lastKnownFileType = sourcecode.swift; path = AuthorizationViewController.swift; sourceTree = "<group>"; };
		A999176E26612A4E00B368A8 /* VKAPI.swift */ = {isa = PBXFileReference; lastKnownFileType = sourcecode.swift; path = VKAPI.swift; sourceTree = "<group>"; };
		A9A37AFD262DB4160080E6AE /* AvatarRoundedView.swift */ = {isa = PBXFileReference; lastKnownFileType = sourcecode.swift; path = AvatarRoundedView.swift; sourceTree = "<group>"; };
		A9DAF5BF261B0B4600C7BCB5 /* clientVK.app */ = {isa = PBXFileReference; explicitFileType = wrapper.application; includeInIndex = 0; path = clientVK.app; sourceTree = BUILT_PRODUCTS_DIR; };
		A9DAF5C2261B0B4600C7BCB5 /* AppDelegate.swift */ = {isa = PBXFileReference; lastKnownFileType = sourcecode.swift; path = AppDelegate.swift; sourceTree = "<group>"; };
		A9DAF5C4261B0B4600C7BCB5 /* SceneDelegate.swift */ = {isa = PBXFileReference; lastKnownFileType = sourcecode.swift; path = SceneDelegate.swift; sourceTree = "<group>"; };
		A9DAF5C6261B0B4600C7BCB5 /* EntranceViewController.swift */ = {isa = PBXFileReference; lastKnownFileType = sourcecode.swift; path = EntranceViewController.swift; sourceTree = "<group>"; };
		A9DAF5C9261B0B4600C7BCB5 /* Base */ = {isa = PBXFileReference; lastKnownFileType = file.storyboard; name = Base; path = Base.lproj/Main.storyboard; sourceTree = "<group>"; };
		A9DAF5CB261B0B4800C7BCB5 /* Assets.xcassets */ = {isa = PBXFileReference; lastKnownFileType = folder.assetcatalog; path = Assets.xcassets; sourceTree = "<group>"; };
		A9DAF5CE261B0B4800C7BCB5 /* Base */ = {isa = PBXFileReference; lastKnownFileType = file.storyboard; name = Base; path = Base.lproj/LaunchScreen.storyboard; sourceTree = "<group>"; };
		A9DAF5D0261B0B4800C7BCB5 /* Info.plist */ = {isa = PBXFileReference; lastKnownFileType = text.plist.xml; path = Info.plist; sourceTree = "<group>"; };
		A9DAF5E526258AB600C7BCB5 /* TabBarController.swift */ = {isa = PBXFileReference; lastKnownFileType = sourcecode.swift; path = TabBarController.swift; sourceTree = "<group>"; };
		A9DAF5E92625920700C7BCB5 /* User.swift */ = {isa = PBXFileReference; lastKnownFileType = sourcecode.swift; path = User.swift; sourceTree = "<group>"; };
		A9DAF5ED2625989500C7BCB5 /* Group.swift */ = {isa = PBXFileReference; lastKnownFileType = sourcecode.swift; path = Group.swift; sourceTree = "<group>"; };
		A9DAF5F32625B6B100C7BCB5 /* UserTableViewCell.swift */ = {isa = PBXFileReference; lastKnownFileType = sourcecode.swift; path = UserTableViewCell.swift; sourceTree = "<group>"; };
		A9DAF5F72625B87700C7BCB5 /* FriendsTableViewController.swift */ = {isa = PBXFileReference; lastKnownFileType = sourcecode.swift; path = FriendsTableViewController.swift; sourceTree = "<group>"; };
		A9DAF5FA2625BEEB00C7BCB5 /* UserPhotoCollectionViewController.swift */ = {isa = PBXFileReference; lastKnownFileType = sourcecode.swift; path = UserPhotoCollectionViewController.swift; sourceTree = "<group>"; };
		A9DAF5FD2625C88300C7BCB5 /* UserPhotosCollectionViewCell.swift */ = {isa = PBXFileReference; lastKnownFileType = sourcecode.swift; path = UserPhotosCollectionViewCell.swift; sourceTree = "<group>"; };
/* End PBXFileReference section */

/* Begin PBXFrameworksBuildPhase section */
		A9DAF5BC261B0B4600C7BCB5 /* Frameworks */ = {
			isa = PBXFrameworksBuildPhase;
			buildActionMask = 2147483647;
			files = (
				68BC4EF03CC362E3AC2DEE02 /* Pods_clientVK.framework in Frameworks */,
			);
			runOnlyForDeploymentPostprocessing = 0;
		};
/* End PBXFrameworksBuildPhase section */

/* Begin PBXGroup section */
		52F951D6D839E703C4C87367 /* Pods */ = {
			isa = PBXGroup;
			children = (
				5B45BCC990BE2E6ACCD501BC /* Pods-clientVK.debug.xcconfig */,
				019FDC7A43C910793BE669ED /* Pods-clientVK.release.xcconfig */,
			);
			path = Pods;
			sourceTree = "<group>";
		};
		7AF98DE5169E172964516750 /* Frameworks */ = {
			isa = PBXGroup;
			children = (
				8A50DB89875A60AB94643757 /* Pods_clientVK.framework */,
			);
			name = Frameworks;
			sourceTree = "<group>";
		};
		A908286C26317401008D0673 /* NewsScreen */ = {
			isa = PBXGroup;
			children = (
				A908286D2631745D008D0673 /* NewsScreenViewController.swift */,
				A908287826318FF0008D0673 /* NewsTableViewCell.swift */,
				A908288226344369008D0673 /* PhotoCollectionViewCell.swift */,
				A908287F2632D8D4008D0673 /* MosaicLayout.swift */,
				A99030C32695DE3E0045199B /* NewsHeaderTableViewCell.swift */,
				A99030C52695E1400045199B /* NewsTextTableViewCell.swift */,
				A99030C72695E5620045199B /* NewsPhotoTableViewCell.swift */,
				A99030C92695E74D0045199B /* NewsInfoTableViewCell.swift */,
			);
			path = NewsScreen;
			sourceTree = "<group>";
		};
		A9082890263968D1008D0673 /*  MySearchBar */ = {
			isa = PBXGroup;
			children = (
				A908288D26396337008D0673 /* MySearchBarView.swift */,
				A90828912639692F008D0673 /* MySearchBarView.xib */,
			);
			path = " MySearchBar";
			sourceTree = "<group>";
		};
		A95B34F1264BFAC3008607EE /* AnimatedNavigatorController */ = {
			isa = PBXGroup;
			children = (
				A95B34F8264BFC91008607EE /* CustomNavigationController.swift */,
				A95B34FB264BFE1F008607EE /* RotatePushAnimatedTransition.swift */,
				A95B34FE264C0919008607EE /* RotatePopAnimatedTransition.swift */,
				A95B3503264D563D008607EE /* RotateInteractiveTransition.swift */,
			);
			path = AnimatedNavigatorController;
			sourceTree = "<group>";
		};
		A95B3508264E9345008607EE /* Gallery */ = {
			isa = PBXGroup;
			children = (
				A95B34EB263C2764008607EE /* GalleryViewController.swift */,
				A95B3509264E938A008607EE /* GalleryPresentationTransition.swift */,
				A95B350C264E984E008607EE /* GalleryTransitionDelegate.swift */,
				A999175A264EAB9400B368A8 /* GalleryDissmisTransition.swift */,
			);
			path = Gallery;
			sourceTree = "<group>";
		};
		A965850C267383D700C648B1 /* DataStorage */ = {
			isa = PBXGroup;
			children = (
				A965850D2673843400C648B1 /* DataStorage.swift */,
			);
			path = DataStorage;
			sourceTree = "<group>";
		};
		A97C217B262D88CC0011D868 /* UIComponents */ = {
			isa = PBXGroup;
			children = (
				A95B34F1264BFAC3008607EE /* AnimatedNavigatorController */,
				A9082890263968D1008D0673 /*  MySearchBar */,
				A9A37B00262DB47E0080E6AE /* Avatar */,
				A97C217C262D88EE0011D868 /* LikeCountView */,
				A9082869263040C5008D0673 /* FirstLetterSectionHeaderView.swift */,
				A9082875263186F5008D0673 /* MyButtonNewsScreen.swift */,
				A908288A2636E46B008D0673 /* IndicatorView.swift */,
			);
			path = UIComponents;
			sourceTree = "<group>";
		};
		A97C217C262D88EE0011D868 /* LikeCountView */ = {
			isa = PBXGroup;
			children = (
				A97C2178262D882C0011D868 /* LikeCountView.swift */,
				A97C217D262D89140011D868 /* HeartButton.swift */,
			);
			path = LikeCountView;
			sourceTree = "<group>";
		};
		A999175D265BCB7E00B368A8 /* Networking */ = {
			isa = PBXGroup;
			children = (
				A999175E265BCBB200B368A8 /* Session.swift */,
				A999176E26612A4E00B368A8 /* VKAPI.swift */,
				A965850F2673850A00C648B1 /* VKService.swift */,
			);
			path = Networking;
			sourceTree = "<group>";
		};
		A9A37B00262DB47E0080E6AE /* Avatar */ = {
			isa = PBXGroup;
			children = (
				A9A37AFD262DB4160080E6AE /* AvatarRoundedView.swift */,
			);
			path = Avatar;
			sourceTree = "<group>";
		};
		A9DAF5B6261B0B4600C7BCB5 = {
			isa = PBXGroup;
			children = (
				A9DAF5C1261B0B4600C7BCB5 /* clientVK */,
				A9DAF5C0261B0B4600C7BCB5 /* Products */,
				52F951D6D839E703C4C87367 /* Pods */,
				7AF98DE5169E172964516750 /* Frameworks */,
			);
			sourceTree = "<group>";
		};
		A9DAF5C0261B0B4600C7BCB5 /* Products */ = {
			isa = PBXGroup;
			children = (
				A9DAF5BF261B0B4600C7BCB5 /* clientVK.app */,
			);
			name = Products;
			sourceTree = "<group>";
		};
		A9DAF5C1261B0B4600C7BCB5 /* clientVK */ = {
			isa = PBXGroup;
			children = (
				A9658513267FCC3C00C648B1 /* GoogleService-Info.plist */,
				A965850C267383D700C648B1 /* DataStorage */,
				A999175D265BCB7E00B368A8 /* Networking */,
				A95B3508264E9345008607EE /* Gallery */,
				A97C217B262D88CC0011D868 /* UIComponents */,
				A9DAF5E8262591E100C7BCB5 /* Model */,
				A9DAF5C2261B0B4600C7BCB5 /* AppDelegate.swift */,
				A9658511267388B200C648B1 /* DataStorageOld.swift */,
				A9DAF5C4261B0B4600C7BCB5 /* SceneDelegate.swift */,
				A9DAF5C6261B0B4600C7BCB5 /* EntranceViewController.swift */,
				A999176A26611E3600B368A8 /* AuthorizationViewController.swift */,
				A9DAF5E526258AB600C7BCB5 /* TabBarController.swift */,
				A9DAF5C8261B0B4600C7BCB5 /* Main.storyboard */,
				A9DAF5CB261B0B4800C7BCB5 /* Assets.xcassets */,
				A9DAF5CD261B0B4800C7BCB5 /* LaunchScreen.storyboard */,
				A9DAF5D0261B0B4800C7BCB5 /* Info.plist */,
				A9DAF6002626D0AB00C7BCB5 /* Friends */,
				A9DAF6012626D0EE00C7BCB5 /* Groups */,
				A908286C26317401008D0673 /* NewsScreen */,
			);
			path = clientVK;
			sourceTree = "<group>";
		};
		A9DAF5E8262591E100C7BCB5 /* Model */ = {
			isa = PBXGroup;
			children = (
				A9DAF5E92625920700C7BCB5 /* User.swift */,
				A9DAF5ED2625989500C7BCB5 /* Group.swift */,
				A908287B2631F33B008D0673 /* News.swift */,
				A967E3B226661A4E007A97F2 /* Photo.swift */,
				A967E3B526661B72007A97F2 /* PhotoSize.swift */,
				A965850A2670BDC700C648B1 /* HasIdProtocol.swift */,
			);
			path = Model;
			sourceTree = "<group>";
		};
		A9DAF6002626D0AB00C7BCB5 /* Friends */ = {
			isa = PBXGroup;
			children = (
				A9DAF5F32625B6B100C7BCB5 /* UserTableViewCell.swift */,
				A9DAF5F72625B87700C7BCB5 /* FriendsTableViewController.swift */,
				A9DAF5FA2625BEEB00C7BCB5 /* UserPhotoCollectionViewController.swift */,
				A9DAF5FD2625C88300C7BCB5 /* UserPhotosCollectionViewCell.swift */,
			);
			path = Friends;
			sourceTree = "<group>";
		};
		A9DAF6012626D0EE00C7BCB5 /* Groups */ = {
			isa = PBXGroup;
			children = (
				A91047D72627188700B216DB /* GroupTableViewCell.swift */,
				A91047D82627188700B216DB /* GroupTableViewCell.xib */,
				A91047DC26285EB600B216DB /* MyGroupTableViewController.swift */,
				A96585162680BD4500C648B1 /* FavouriteGroupsTableViewController.swift */,
			);
			path = Groups;
			sourceTree = "<group>";
		};
/* End PBXGroup section */

/* Begin PBXNativeTarget section */
		A9DAF5BE261B0B4600C7BCB5 /* clientVK */ = {
			isa = PBXNativeTarget;
			buildConfigurationList = A9DAF5D3261B0B4800C7BCB5 /* Build configuration list for PBXNativeTarget "clientVK" */;
			buildPhases = (
				C1B8F496BBB9576862385078 /* [CP] Check Pods Manifest.lock */,
				A9DAF5BB261B0B4600C7BCB5 /* Sources */,
				A9DAF5BC261B0B4600C7BCB5 /* Frameworks */,
				A9DAF5BD261B0B4600C7BCB5 /* Resources */,
				344D6A3B3F93361BF0FE57A2 /* [CP] Embed Pods Frameworks */,
			);
			buildRules = (
			);
			dependencies = (
			);
			name = clientVK;
			productName = clientVK;
			productReference = A9DAF5BF261B0B4600C7BCB5 /* clientVK.app */;
			productType = "com.apple.product-type.application";
		};
/* End PBXNativeTarget section */

/* Begin PBXProject section */
		A9DAF5B7261B0B4600C7BCB5 /* Project object */ = {
			isa = PBXProject;
			attributes = {
				LastSwiftUpdateCheck = 1240;
				LastUpgradeCheck = 1240;
				TargetAttributes = {
					A9DAF5BE261B0B4600C7BCB5 = {
						CreatedOnToolsVersion = 12.4;
					};
				};
			};
			buildConfigurationList = A9DAF5BA261B0B4600C7BCB5 /* Build configuration list for PBXProject "clientVK" */;
			compatibilityVersion = "Xcode 9.3";
			developmentRegion = en;
			hasScannedForEncodings = 0;
			knownRegions = (
				en,
				Base,
			);
			mainGroup = A9DAF5B6261B0B4600C7BCB5;
			productRefGroup = A9DAF5C0261B0B4600C7BCB5 /* Products */;
			projectDirPath = "";
			projectRoot = "";
			targets = (
				A9DAF5BE261B0B4600C7BCB5 /* clientVK */,
			);
		};
/* End PBXProject section */

/* Begin PBXResourcesBuildPhase section */
		A9DAF5BD261B0B4600C7BCB5 /* Resources */ = {
			isa = PBXResourcesBuildPhase;
			buildActionMask = 2147483647;
			files = (
				A9DAF5CF261B0B4800C7BCB5 /* LaunchScreen.storyboard in Resources */,
				A9DAF5CC261B0B4800C7BCB5 /* Assets.xcassets in Resources */,
				A908289226396930008D0673 /* MySearchBarView.xib in Resources */,
				A9DAF5CA261B0B4600C7BCB5 /* Main.storyboard in Resources */,
				A91047DA2627188700B216DB /* GroupTableViewCell.xib in Resources */,
				A9658514267FCC3C00C648B1 /* GoogleService-Info.plist in Resources */,
			);
			runOnlyForDeploymentPostprocessing = 0;
		};
/* End PBXResourcesBuildPhase section */

/* Begin PBXShellScriptBuildPhase section */
		344D6A3B3F93361BF0FE57A2 /* [CP] Embed Pods Frameworks */ = {
			isa = PBXShellScriptBuildPhase;
			buildActionMask = 2147483647;
			files = (
			);
			inputFileListPaths = (
				"${PODS_ROOT}/Target Support Files/Pods-clientVK/Pods-clientVK-frameworks-${CONFIGURATION}-input-files.xcfilelist",
			);
			name = "[CP] Embed Pods Frameworks";
			outputFileListPaths = (
				"${PODS_ROOT}/Target Support Files/Pods-clientVK/Pods-clientVK-frameworks-${CONFIGURATION}-output-files.xcfilelist",
			);
			runOnlyForDeploymentPostprocessing = 0;
			shellPath = /bin/sh;
			shellScript = "\"${PODS_ROOT}/Target Support Files/Pods-clientVK/Pods-clientVK-frameworks.sh\"\n";
			showEnvVarsInLog = 0;
		};
		C1B8F496BBB9576862385078 /* [CP] Check Pods Manifest.lock */ = {
			isa = PBXShellScriptBuildPhase;
			buildActionMask = 2147483647;
			files = (
			);
			inputFileListPaths = (
			);
			inputPaths = (
				"${PODS_PODFILE_DIR_PATH}/Podfile.lock",
				"${PODS_ROOT}/Manifest.lock",
			);
			name = "[CP] Check Pods Manifest.lock";
			outputFileListPaths = (
			);
			outputPaths = (
				"$(DERIVED_FILE_DIR)/Pods-clientVK-checkManifestLockResult.txt",
			);
			runOnlyForDeploymentPostprocessing = 0;
			shellPath = /bin/sh;
			shellScript = "diff \"${PODS_PODFILE_DIR_PATH}/Podfile.lock\" \"${PODS_ROOT}/Manifest.lock\" > /dev/null\nif [ $? != 0 ] ; then\n    # print error to STDERR\n    echo \"error: The sandbox is not in sync with the Podfile.lock. Run 'pod install' or update your CocoaPods installation.\" >&2\n    exit 1\nfi\n# This output is used by Xcode 'outputs' to avoid re-running this script phase.\necho \"SUCCESS\" > \"${SCRIPT_OUTPUT_FILE_0}\"\n";
			showEnvVarsInLog = 0;
		};
/* End PBXShellScriptBuildPhase section */

/* Begin PBXSourcesBuildPhase section */
		A9DAF5BB261B0B4600C7BCB5 /* Sources */ = {
			isa = PBXSourcesBuildPhase;
			buildActionMask = 2147483647;
			files = (
				A999176B26611E3600B368A8 /* AuthorizationViewController.swift in Sources */,
				A999175F265BCBB300B368A8 /* Session.swift in Sources */,
				A91047DD26285EB600B216DB /* MyGroupTableViewController.swift in Sources */,
				A999176F26612A4E00B368A8 /* VKAPI.swift in Sources */,
				A9DAF5EE2625989500C7BCB5 /* Group.swift in Sources */,
				A99030C42695DE3E0045199B /* NewsHeaderTableViewCell.swift in Sources */,
				A96585172680BD4500C648B1 /* FavouriteGroupsTableViewController.swift in Sources */,
				A9DAF5F42625B6B100C7BCB5 /* UserTableViewCell.swift in Sources */,
				A95B3504264D563D008607EE /* RotateInteractiveTransition.swift in Sources */,
				A90828802632D8D4008D0673 /* MosaicLayout.swift in Sources */,
				A908288E26396338008D0673 /* MySearchBarView.swift in Sources */,
				A99030C62695E1400045199B /* NewsTextTableViewCell.swift in Sources */,
				A965850B2670BDC800C648B1 /* HasIdProtocol.swift in Sources */,
				A999175B264EAB9400B368A8 /* GalleryDissmisTransition.swift in Sources */,
				A97C2179262D882C0011D868 /* LikeCountView.swift in Sources */,
				A96585102673850A00C648B1 /* VKService.swift in Sources */,
				A99030CA2695E74D0045199B /* NewsInfoTableViewCell.swift in Sources */,
				A9DAF5C7261B0B4600C7BCB5 /* EntranceViewController.swift in Sources */,
				A967E3B326661A4F007A97F2 /* Photo.swift in Sources */,
				A9A37AFE262DB4160080E6AE /* AvatarRoundedView.swift in Sources */,
				A908287C2631F33B008D0673 /* News.swift in Sources */,
				A9DAF5C3261B0B4600C7BCB5 /* AppDelegate.swift in Sources */,
				A9DAF5FE2625C88300C7BCB5 /* UserPhotosCollectionViewCell.swift in Sources */,
				A908287926318FF0008D0673 /* NewsTableViewCell.swift in Sources */,
				A9DAF5F82625B87700C7BCB5 /* FriendsTableViewController.swift in Sources */,
				A908288B2636E46B008D0673 /* IndicatorView.swift in Sources */,
				A967E3B626661B72007A97F2 /* PhotoSize.swift in Sources */,
				A95B34EC263C2764008607EE /* GalleryViewController.swift in Sources */,
				A97C217E262D89140011D868 /* HeartButton.swift in Sources */,
				A9DAF5EA2625920700C7BCB5 /* User.swift in Sources */,
				A908286A263040C5008D0673 /* FirstLetterSectionHeaderView.swift in Sources */,
				A908286E2631745D008D0673 /* NewsScreenViewController.swift in Sources */,
				A965850E2673843400C648B1 /* DataStorage.swift in Sources */,
				A95B34F9264BFC91008607EE /* CustomNavigationController.swift in Sources */,
				A99030C82695E5620045199B /* NewsPhotoTableViewCell.swift in Sources */,
				A908288326344369008D0673 /* PhotoCollectionViewCell.swift in Sources */,
				A9DAF5C5261B0B4600C7BCB5 /* SceneDelegate.swift in Sources */,
				A9DAF5FB2625BEEB00C7BCB5 /* UserPhotoCollectionViewController.swift in Sources */,
				A9DAF5E626258AB600C7BCB5 /* TabBarController.swift in Sources */,
				A91047D92627188700B216DB /* GroupTableViewCell.swift in Sources */,
				A9082876263186F5008D0673 /* MyButtonNewsScreen.swift in Sources */,
				A9658512267388B200C648B1 /* DataStorageOld.swift in Sources */,
				A95B350D264E984E008607EE /* GalleryTransitionDelegate.swift in Sources */,
				A95B34FF264C0919008607EE /* RotatePopAnimatedTransition.swift in Sources */,
				A95B350A264E938A008607EE /* GalleryPresentationTransition.swift in Sources */,
				A95B34FC264BFE1F008607EE /* RotatePushAnimatedTransition.swift in Sources */,
			);
			runOnlyForDeploymentPostprocessing = 0;
		};
/* End PBXSourcesBuildPhase section */

/* Begin PBXVariantGroup section */
		A9DAF5C8261B0B4600C7BCB5 /* Main.storyboard */ = {
			isa = PBXVariantGroup;
			children = (
				A9DAF5C9261B0B4600C7BCB5 /* Base */,
			);
			name = Main.storyboard;
			sourceTree = "<group>";
		};
		A9DAF5CD261B0B4800C7BCB5 /* LaunchScreen.storyboard */ = {
			isa = PBXVariantGroup;
			children = (
				A9DAF5CE261B0B4800C7BCB5 /* Base */,
			);
			name = LaunchScreen.storyboard;
			sourceTree = "<group>";
		};
/* End PBXVariantGroup section */

/* Begin XCBuildConfiguration section */
		A9DAF5D1261B0B4800C7BCB5 /* Debug */ = {
			isa = XCBuildConfiguration;
			buildSettings = {
				ALWAYS_SEARCH_USER_PATHS = NO;
				CLANG_ANALYZER_NONNULL = YES;
				CLANG_ANALYZER_NUMBER_OBJECT_CONVERSION = YES_AGGRESSIVE;
				CLANG_CXX_LANGUAGE_STANDARD = "gnu++14";
				CLANG_CXX_LIBRARY = "libc++";
				CLANG_ENABLE_MODULES = YES;
				CLANG_ENABLE_OBJC_ARC = YES;
				CLANG_ENABLE_OBJC_WEAK = YES;
				CLANG_WARN_BLOCK_CAPTURE_AUTORELEASING = YES;
				CLANG_WARN_BOOL_CONVERSION = YES;
				CLANG_WARN_COMMA = YES;
				CLANG_WARN_CONSTANT_CONVERSION = YES;
				CLANG_WARN_DEPRECATED_OBJC_IMPLEMENTATIONS = YES;
				CLANG_WARN_DIRECT_OBJC_ISA_USAGE = YES_ERROR;
				CLANG_WARN_DOCUMENTATION_COMMENTS = YES;
				CLANG_WARN_EMPTY_BODY = YES;
				CLANG_WARN_ENUM_CONVERSION = YES;
				CLANG_WARN_INFINITE_RECURSION = YES;
				CLANG_WARN_INT_CONVERSION = YES;
				CLANG_WARN_NON_LITERAL_NULL_CONVERSION = YES;
				CLANG_WARN_OBJC_IMPLICIT_RETAIN_SELF = YES;
				CLANG_WARN_OBJC_LITERAL_CONVERSION = YES;
				CLANG_WARN_OBJC_ROOT_CLASS = YES_ERROR;
				CLANG_WARN_QUOTED_INCLUDE_IN_FRAMEWORK_HEADER = YES;
				CLANG_WARN_RANGE_LOOP_ANALYSIS = YES;
				CLANG_WARN_STRICT_PROTOTYPES = YES;
				CLANG_WARN_SUSPICIOUS_MOVE = YES;
				CLANG_WARN_UNGUARDED_AVAILABILITY = YES_AGGRESSIVE;
				CLANG_WARN_UNREACHABLE_CODE = YES;
				CLANG_WARN__DUPLICATE_METHOD_MATCH = YES;
				COPY_PHASE_STRIP = NO;
				DEBUG_INFORMATION_FORMAT = dwarf;
				ENABLE_STRICT_OBJC_MSGSEND = YES;
				ENABLE_TESTABILITY = YES;
				GCC_C_LANGUAGE_STANDARD = gnu11;
				GCC_DYNAMIC_NO_PIC = NO;
				GCC_NO_COMMON_BLOCKS = YES;
				GCC_OPTIMIZATION_LEVEL = 0;
				GCC_PREPROCESSOR_DEFINITIONS = (
					"DEBUG=1",
					"$(inherited)",
				);
				GCC_WARN_64_TO_32_BIT_CONVERSION = YES;
				GCC_WARN_ABOUT_RETURN_TYPE = YES_ERROR;
				GCC_WARN_UNDECLARED_SELECTOR = YES;
				GCC_WARN_UNINITIALIZED_AUTOS = YES_AGGRESSIVE;
				GCC_WARN_UNUSED_FUNCTION = YES;
				GCC_WARN_UNUSED_VARIABLE = YES;
				IPHONEOS_DEPLOYMENT_TARGET = 14.4;
				MTL_ENABLE_DEBUG_INFO = INCLUDE_SOURCE;
				MTL_FAST_MATH = YES;
				ONLY_ACTIVE_ARCH = YES;
				SDKROOT = iphoneos;
				SWIFT_ACTIVE_COMPILATION_CONDITIONS = DEBUG;
				SWIFT_OPTIMIZATION_LEVEL = "-Onone";
			};
			name = Debug;
		};
		A9DAF5D2261B0B4800C7BCB5 /* Release */ = {
			isa = XCBuildConfiguration;
			buildSettings = {
				ALWAYS_SEARCH_USER_PATHS = NO;
				CLANG_ANALYZER_NONNULL = YES;
				CLANG_ANALYZER_NUMBER_OBJECT_CONVERSION = YES_AGGRESSIVE;
				CLANG_CXX_LANGUAGE_STANDARD = "gnu++14";
				CLANG_CXX_LIBRARY = "libc++";
				CLANG_ENABLE_MODULES = YES;
				CLANG_ENABLE_OBJC_ARC = YES;
				CLANG_ENABLE_OBJC_WEAK = YES;
				CLANG_WARN_BLOCK_CAPTURE_AUTORELEASING = YES;
				CLANG_WARN_BOOL_CONVERSION = YES;
				CLANG_WARN_COMMA = YES;
				CLANG_WARN_CONSTANT_CONVERSION = YES;
				CLANG_WARN_DEPRECATED_OBJC_IMPLEMENTATIONS = YES;
				CLANG_WARN_DIRECT_OBJC_ISA_USAGE = YES_ERROR;
				CLANG_WARN_DOCUMENTATION_COMMENTS = YES;
				CLANG_WARN_EMPTY_BODY = YES;
				CLANG_WARN_ENUM_CONVERSION = YES;
				CLANG_WARN_INFINITE_RECURSION = YES;
				CLANG_WARN_INT_CONVERSION = YES;
				CLANG_WARN_NON_LITERAL_NULL_CONVERSION = YES;
				CLANG_WARN_OBJC_IMPLICIT_RETAIN_SELF = YES;
				CLANG_WARN_OBJC_LITERAL_CONVERSION = YES;
				CLANG_WARN_OBJC_ROOT_CLASS = YES_ERROR;
				CLANG_WARN_QUOTED_INCLUDE_IN_FRAMEWORK_HEADER = YES;
				CLANG_WARN_RANGE_LOOP_ANALYSIS = YES;
				CLANG_WARN_STRICT_PROTOTYPES = YES;
				CLANG_WARN_SUSPICIOUS_MOVE = YES;
				CLANG_WARN_UNGUARDED_AVAILABILITY = YES_AGGRESSIVE;
				CLANG_WARN_UNREACHABLE_CODE = YES;
				CLANG_WARN__DUPLICATE_METHOD_MATCH = YES;
				COPY_PHASE_STRIP = NO;
				DEBUG_INFORMATION_FORMAT = "dwarf-with-dsym";
				ENABLE_NS_ASSERTIONS = NO;
				ENABLE_STRICT_OBJC_MSGSEND = YES;
				GCC_C_LANGUAGE_STANDARD = gnu11;
				GCC_NO_COMMON_BLOCKS = YES;
				GCC_WARN_64_TO_32_BIT_CONVERSION = YES;
				GCC_WARN_ABOUT_RETURN_TYPE = YES_ERROR;
				GCC_WARN_UNDECLARED_SELECTOR = YES;
				GCC_WARN_UNINITIALIZED_AUTOS = YES_AGGRESSIVE;
				GCC_WARN_UNUSED_FUNCTION = YES;
				GCC_WARN_UNUSED_VARIABLE = YES;
				IPHONEOS_DEPLOYMENT_TARGET = 14.4;
				MTL_ENABLE_DEBUG_INFO = NO;
				MTL_FAST_MATH = YES;
				SDKROOT = iphoneos;
				SWIFT_COMPILATION_MODE = wholemodule;
				SWIFT_OPTIMIZATION_LEVEL = "-O";
				VALIDATE_PRODUCT = YES;
			};
			name = Release;
		};
		A9DAF5D4261B0B4800C7BCB5 /* Debug */ = {
			isa = XCBuildConfiguration;
			baseConfigurationReference = 5B45BCC990BE2E6ACCD501BC /* Pods-clientVK.debug.xcconfig */;
			buildSettings = {
				ASSETCATALOG_COMPILER_APPICON_NAME = AppIcon;
				ASSETCATALOG_COMPILER_GLOBAL_ACCENT_COLOR_NAME = AccentColor;
				CODE_SIGN_STYLE = Automatic;
				DEVELOPMENT_TEAM = 86L8MLPV86;
				INFOPLIST_FILE = clientVK/Info.plist;
				LD_RUNPATH_SEARCH_PATHS = (
					"$(inherited)",
					"@executable_path/Frameworks",
				);
				PRODUCT_BUNDLE_IDENTIFIER = ru.civillale.mYclientVK;
				PRODUCT_NAME = "$(TARGET_NAME)";
				SWIFT_VERSION = 5.0;
				TARGETED_DEVICE_FAMILY = "1,2";
			};
			name = Debug;
		};
		A9DAF5D5261B0B4800C7BCB5 /* Release */ = {
			isa = XCBuildConfiguration;
			baseConfigurationReference = 019FDC7A43C910793BE669ED /* Pods-clientVK.release.xcconfig */;
			buildSettings = {
				ASSETCATALOG_COMPILER_APPICON_NAME = AppIcon;
				ASSETCATALOG_COMPILER_GLOBAL_ACCENT_COLOR_NAME = AccentColor;
				CODE_SIGN_STYLE = Automatic;
				DEVELOPMENT_TEAM = 86L8MLPV86;
				INFOPLIST_FILE = clientVK/Info.plist;
				LD_RUNPATH_SEARCH_PATHS = (
					"$(inherited)",
					"@executable_path/Frameworks",
				);
				PRODUCT_BUNDLE_IDENTIFIER = ru.civillale.mYclientVK;
				PRODUCT_NAME = "$(TARGET_NAME)";
				SWIFT_VERSION = 5.0;
				TARGETED_DEVICE_FAMILY = "1,2";
			};
			name = Release;
		};
/* End XCBuildConfiguration section */

/* Begin XCConfigurationList section */
		A9DAF5BA261B0B4600C7BCB5 /* Build configuration list for PBXProject "clientVK" */ = {
			isa = XCConfigurationList;
			buildConfigurations = (
				A9DAF5D1261B0B4800C7BCB5 /* Debug */,
				A9DAF5D2261B0B4800C7BCB5 /* Release */,
			);
			defaultConfigurationIsVisible = 0;
			defaultConfigurationName = Release;
		};
		A9DAF5D3261B0B4800C7BCB5 /* Build configuration list for PBXNativeTarget "clientVK" */ = {
			isa = XCConfigurationList;
			buildConfigurations = (
				A9DAF5D4261B0B4800C7BCB5 /* Debug */,
				A9DAF5D5261B0B4800C7BCB5 /* Release */,
			);
			defaultConfigurationIsVisible = 0;
			defaultConfigurationName = Release;
		};
/* End XCConfigurationList section */
	};
	rootObject = A9DAF5B7261B0B4600C7BCB5 /* Project object */;
}
